// !$*UTF8*$!
{
	archiveVersion = 1;
	classes = {
	};
	objectVersion = 46;
	objects = {

/* Begin PBXBuildFile section */
		5DF800011D47633C007E34FC /* TSChatSubModel.swift in Sources */ = {isa = PBXBuildFile; fileRef = 5DF800001D47633C007E34FC /* TSChatSubModel.swift */; };
		5DF800031D477986007E34FC /* TSModelTransformer.swift in Sources */ = {isa = PBXBuildFile; fileRef = 5DF800021D477986007E34FC /* TSModelTransformer.swift */; };
		5DF8000B1D488D2F007E34FC /* ImageFilesManager.swift in Sources */ = {isa = PBXBuildFile; fileRef = 5DF8000A1D488D2F007E34FC /* ImageFilesManager.swift */; };
		5DF8000D1D488EB8007E34FC /* String+Crypto.swift in Sources */ = {isa = PBXBuildFile; fileRef = 5DF8000C1D488EB8007E34FC /* String+Crypto.swift */; };
		5DF8000F1D4892E8007E34FC /* TSLogger.swift in Sources */ = {isa = PBXBuildFile; fileRef = 5DF8000E1D4892E8007E34FC /* TSLogger.swift */; };
		5DF800111D489C03007E34FC /* TSMessageModel.swift in Sources */ = {isa = PBXBuildFile; fileRef = 5DF800101D489C03007E34FC /* TSMessageModel.swift */; };
		5DF800131D48A128007E34FC /* TSContactModel.swift in Sources */ = {isa = PBXBuildFile; fileRef = 5DF800121D48A128007E34FC /* TSContactModel.swift */; };
		5DF800151D48AB54007E34FC /* TSUploadImageModel.swift in Sources */ = {isa = PBXBuildFile; fileRef = 5DF800141D48AB54007E34FC /* TSUploadImageModel.swift */; };
		5DF800171D48B333007E34FC /* NSDate+Extension.swift in Sources */ = {isa = PBXBuildFile; fileRef = 5DF800161D48B333007E34FC /* NSDate+Extension.swift */; };
		5DF800191D48BC37007E34FC /* TSUserManager.swift in Sources */ = {isa = PBXBuildFile; fileRef = 5DF800181D48BC37007E34FC /* TSUserManager.swift */; };
		5DF8001B1D48BE47007E34FC /* TSYYTextLinePositionModifier.swift in Sources */ = {isa = PBXBuildFile; fileRef = 5DF8001A1D48BE47007E34FC /* TSYYTextLinePositionModifier.swift */; };
		5DF8001D1D49E8DF007E34FC /* TSApplicationManager.swift in Sources */ = {isa = PBXBuildFile; fileRef = 5DF8001C1D49E8DF007E34FC /* TSApplicationManager.swift */; };
		5DF8001F1D49E9A8007E34FC /* TSProgressHUD.swift in Sources */ = {isa = PBXBuildFile; fileRef = 5DF8001E1D49E9A8007E34FC /* TSProgressHUD.swift */; };
		5DF800211D49F763007E34FC /* TSLocationManager.swift in Sources */ = {isa = PBXBuildFile; fileRef = 5DF800201D49F763007E34FC /* TSLocationManager.swift */; };
		5DF800231D49FB32007E34FC /* TSGlobalHelper.swift in Sources */ = {isa = PBXBuildFile; fileRef = 5DF800221D49FB32007E34FC /* TSGlobalHelper.swift */; };
		5DF800251D4A0493007E34FC /* TSUIColor+WeChat.swift in Sources */ = {isa = PBXBuildFile; fileRef = 5DF800241D4A0493007E34FC /* TSUIColor+WeChat.swift */; };
		5DF800271D4A080E007E34FC /* TSUserDefaults.swift in Sources */ = {isa = PBXBuildFile; fileRef = 5DF800261D4A080E007E34FC /* TSUserDefaults.swift */; };
		5DF8FFAE1D474DB8007E34FC /* AppDelegate.swift in Sources */ = {isa = PBXBuildFile; fileRef = 5DF8FFAD1D474DB8007E34FC /* AppDelegate.swift */; };
		5DF8FFB01D474DB8007E34FC /* FirstViewController.swift in Sources */ = {isa = PBXBuildFile; fileRef = 5DF8FFAF1D474DB8007E34FC /* FirstViewController.swift */; };
		5DF8FFB21D474DB8007E34FC /* SecondViewController.swift in Sources */ = {isa = PBXBuildFile; fileRef = 5DF8FFB11D474DB8007E34FC /* SecondViewController.swift */; };
		5DF8FFB51D474DB8007E34FC /* Main.storyboard in Resources */ = {isa = PBXBuildFile; fileRef = 5DF8FFB31D474DB8007E34FC /* Main.storyboard */; };
		5DF8FFB71D474DB8007E34FC /* Assets.xcassets in Resources */ = {isa = PBXBuildFile; fileRef = 5DF8FFB61D474DB8007E34FC /* Assets.xcassets */; };
		5DF8FFBA1D474DB8007E34FC /* LaunchScreen.storyboard in Resources */ = {isa = PBXBuildFile; fileRef = 5DF8FFB81D474DB8007E34FC /* LaunchScreen.storyboard */; };
		5DF8FFC71D47523B007E34FC /* TSAppMacro.swift in Sources */ = {isa = PBXBuildFile; fileRef = 5DF8FFC61D47523B007E34FC /* TSAppMacro.swift */; };
		5DF8FFCB1D47562F007E34FC /* TSConfig.swift in Sources */ = {isa = PBXBuildFile; fileRef = 5DF8FFCA1D47562F007E34FC /* TSConfig.swift */; };
		5DF8FFD01D4758BD007E34FC /* TSModel.swift in Sources */ = {isa = PBXBuildFile; fileRef = 5DF8FFCF1D4758BD007E34FC /* TSModel.swift */; };
		5DF8FFD21D475C83007E34FC /* Media.xcassets in Resources */ = {isa = PBXBuildFile; fileRef = 5DF8FFD11D475C83007E34FC /* Media.xcassets */; };
		5DF8FFD41D475C8A007E34FC /* country_code.txt in Resources */ = {isa = PBXBuildFile; fileRef = 5DF8FFD31D475C8A007E34FC /* country_code.txt */; };
		5DF8FFE21D475C8E007E34FC /* shake_sound_male.wav in Resources */ = {isa = PBXBuildFile; fileRef = 5DF8FFD51D475C8E007E34FC /* shake_sound_male.wav */; };
		5DF8FFE31D475C8E007E34FC /* sendmsg.caf in Resources */ = {isa = PBXBuildFile; fileRef = 5DF8FFD61D475C8E007E34FC /* sendmsg.caf */; };
		5DF8FFE41D475C8E007E34FC /* pstncall.mp3 in Resources */ = {isa = PBXBuildFile; fileRef = 5DF8FFD71D475C8E007E34FC /* pstncall.mp3 */; };
		5DF8FFE51D475C8E007E34FC /* msg.caf in Resources */ = {isa = PBXBuildFile; fileRef = 5DF8FFD81D475C8E007E34FC /* msg.caf */; };
		5DF8FFE61D475C8E007E34FC /* msgtoolong.wav in Resources */ = {isa = PBXBuildFile; fileRef = 5DF8FFD91D475C8E007E34FC /* msgtoolong.wav */; };
		5DF8FFE71D475C8E007E34FC /* close.wav in Resources */ = {isa = PBXBuildFile; fileRef = 5DF8FFDA1D475C8E007E34FC /* close.wav */; };
		5DF8FFE81D475C8E007E34FC /* beep.wav in Resources */ = {isa = PBXBuildFile; fileRef = 5DF8FFDB1D475C8E007E34FC /* beep.wav */; };
		5DF8FFE91D475C8E007E34FC /* call.caf in Resources */ = {isa = PBXBuildFile; fileRef = 5DF8FFDC1D475C8E007E34FC /* call.caf */; };
		5DF8FFEA1D475C8E007E34FC /* camera.wav in Resources */ = {isa = PBXBuildFile; fileRef = 5DF8FFDD1D475C8E007E34FC /* camera.wav */; };
		5DF8FFEB1D475C8E007E34FC /* hello.amr in Resources */ = {isa = PBXBuildFile; fileRef = 5DF8FFDE1D475C8E007E34FC /* hello.amr */; };
		5DF8FFEC1D475C8E007E34FC /* shake_match.wav in Resources */ = {isa = PBXBuildFile; fileRef = 5DF8FFDF1D475C8E007E34FC /* shake_match.wav */; };
		5DF8FFED1D475C8E007E34FC /* shake_nomatch.wav in Resources */ = {isa = PBXBuildFile; fileRef = 5DF8FFE01D475C8E007E34FC /* shake_nomatch.wav */; };
		5DF8FFF21D475C93007E34FC /* chat.json in Resources */ = {isa = PBXBuildFile; fileRef = 5DF8FFEE1D475C93007E34FC /* chat.json */; };
		5DF8FFF31D475C93007E34FC /* contact.json in Resources */ = {isa = PBXBuildFile; fileRef = 5DF8FFEF1D475C93007E34FC /* contact.json */; };
		5DF8FFF41D475C93007E34FC /* message.json in Resources */ = {isa = PBXBuildFile; fileRef = 5DF8FFF01D475C93007E34FC /* message.json */; };
		5DF8FFF61D475C98007E34FC /* Expression.bundle in Resources */ = {isa = PBXBuildFile; fileRef = 5DF8FFF51D475C98007E34FC /* Expression.bundle */; };
		5DF8FFF81D475C9E007E34FC /* Expression.plist in Resources */ = {isa = PBXBuildFile; fileRef = 5DF8FFF71D475C9E007E34FC /* Expression.plist */; };
		5DF8FFFA1D475CAD007E34FC /* Kenny.jpg in Resources */ = {isa = PBXBuildFile; fileRef = 5DF8FFF91D475CAD007E34FC /* Kenny.jpg */; };
		5DF8FFFD1D475F29007E34FC /* TSUIimage+WeChat.swift in Sources */ = {isa = PBXBuildFile; fileRef = 5DF8FFFC1D475F29007E34FC /* TSUIimage+WeChat.swift */; };
		5DF8FFFF1D4762D8007E34FC /* TSChatModel.swift in Sources */ = {isa = PBXBuildFile; fileRef = 5DF8FFFE1D4762D8007E34FC /* TSChatModel.swift */; };
		813E5DF424B60C0F059E631C /* Pods_WechatSwift.framework in Frameworks */ = {isa = PBXBuildFile; fileRef = 4D9E1D73738C23F0C344865B /* Pods_WechatSwift.framework */; };
/* End PBXBuildFile section */

/* Begin PBXFileReference section */
		184AF8E4CF9C32C32A975A0D /* Pods-WechatSwift.debug.xcconfig */ = {isa = PBXFileReference; includeInIndex = 1; lastKnownFileType = text.xcconfig; name = "Pods-WechatSwift.debug.xcconfig"; path = "Pods/Target Support Files/Pods-WechatSwift/Pods-WechatSwift.debug.xcconfig"; sourceTree = "<group>"; };
		4D9E1D73738C23F0C344865B /* Pods_WechatSwift.framework */ = {isa = PBXFileReference; explicitFileType = wrapper.framework; includeInIndex = 0; path = Pods_WechatSwift.framework; sourceTree = BUILT_PRODUCTS_DIR; };
		5DF800001D47633C007E34FC /* TSChatSubModel.swift */ = {isa = PBXFileReference; fileEncoding = 4; lastKnownFileType = sourcecode.swift; path = TSChatSubModel.swift; sourceTree = "<group>"; };
		5DF800021D477986007E34FC /* TSModelTransformer.swift */ = {isa = PBXFileReference; fileEncoding = 4; lastKnownFileType = sourcecode.swift; path = TSModelTransformer.swift; sourceTree = "<group>"; };
		5DF8000A1D488D2F007E34FC /* ImageFilesManager.swift */ = {isa = PBXFileReference; fileEncoding = 4; lastKnownFileType = sourcecode.swift; path = ImageFilesManager.swift; sourceTree = "<group>"; };
		5DF8000C1D488EB8007E34FC /* String+Crypto.swift */ = {isa = PBXFileReference; fileEncoding = 4; lastKnownFileType = sourcecode.swift; path = "String+Crypto.swift"; sourceTree = "<group>"; };
		5DF8000E1D4892E8007E34FC /* TSLogger.swift */ = {isa = PBXFileReference; fileEncoding = 4; lastKnownFileType = sourcecode.swift; path = TSLogger.swift; sourceTree = "<group>"; };
		5DF800101D489C03007E34FC /* TSMessageModel.swift */ = {isa = PBXFileReference; fileEncoding = 4; lastKnownFileType = sourcecode.swift; path = TSMessageModel.swift; sourceTree = "<group>"; };
		5DF800121D48A128007E34FC /* TSContactModel.swift */ = {isa = PBXFileReference; fileEncoding = 4; lastKnownFileType = sourcecode.swift; path = TSContactModel.swift; sourceTree = "<group>"; };
		5DF800141D48AB54007E34FC /* TSUploadImageModel.swift */ = {isa = PBXFileReference; fileEncoding = 4; lastKnownFileType = sourcecode.swift; path = TSUploadImageModel.swift; sourceTree = "<group>"; };
		5DF800161D48B333007E34FC /* NSDate+Extension.swift */ = {isa = PBXFileReference; fileEncoding = 4; lastKnownFileType = sourcecode.swift; path = "NSDate+Extension.swift"; sourceTree = "<group>"; };
		5DF800181D48BC37007E34FC /* TSUserManager.swift */ = {isa = PBXFileReference; fileEncoding = 4; lastKnownFileType = sourcecode.swift; path = TSUserManager.swift; sourceTree = "<group>"; };
		5DF8001A1D48BE47007E34FC /* TSYYTextLinePositionModifier.swift */ = {isa = PBXFileReference; fileEncoding = 4; lastKnownFileType = sourcecode.swift; path = TSYYTextLinePositionModifier.swift; sourceTree = "<group>"; };
		5DF8001C1D49E8DF007E34FC /* TSApplicationManager.swift */ = {isa = PBXFileReference; fileEncoding = 4; lastKnownFileType = sourcecode.swift; path = TSApplicationManager.swift; sourceTree = "<group>"; };
		5DF8001E1D49E9A8007E34FC /* TSProgressHUD.swift */ = {isa = PBXFileReference; fileEncoding = 4; lastKnownFileType = sourcecode.swift; path = TSProgressHUD.swift; sourceTree = "<group>"; };
		5DF800201D49F763007E34FC /* TSLocationManager.swift */ = {isa = PBXFileReference; fileEncoding = 4; lastKnownFileType = sourcecode.swift; path = TSLocationManager.swift; sourceTree = "<group>"; };
		5DF800221D49FB32007E34FC /* TSGlobalHelper.swift */ = {isa = PBXFileReference; fileEncoding = 4; lastKnownFileType = sourcecode.swift; path = TSGlobalHelper.swift; sourceTree = "<group>"; };
		5DF800241D4A0493007E34FC /* TSUIColor+WeChat.swift */ = {isa = PBXFileReference; fileEncoding = 4; lastKnownFileType = sourcecode.swift; path = "TSUIColor+WeChat.swift"; sourceTree = "<group>"; };
		5DF800261D4A080E007E34FC /* TSUserDefaults.swift */ = {isa = PBXFileReference; fileEncoding = 4; lastKnownFileType = sourcecode.swift; path = TSUserDefaults.swift; sourceTree = "<group>"; };
		5DF8FFAA1D474DB8007E34FC /* WechatSwift.app */ = {isa = PBXFileReference; explicitFileType = wrapper.application; includeInIndex = 0; path = WechatSwift.app; sourceTree = BUILT_PRODUCTS_DIR; };
		5DF8FFAD1D474DB8007E34FC /* AppDelegate.swift */ = {isa = PBXFileReference; lastKnownFileType = sourcecode.swift; path = AppDelegate.swift; sourceTree = "<group>"; };
		5DF8FFAF1D474DB8007E34FC /* FirstViewController.swift */ = {isa = PBXFileReference; lastKnownFileType = sourcecode.swift; path = FirstViewController.swift; sourceTree = "<group>"; };
		5DF8FFB11D474DB8007E34FC /* SecondViewController.swift */ = {isa = PBXFileReference; lastKnownFileType = sourcecode.swift; path = SecondViewController.swift; sourceTree = "<group>"; };
		5DF8FFB41D474DB8007E34FC /* Base */ = {isa = PBXFileReference; lastKnownFileType = file.storyboard; name = Base; path = Base.lproj/Main.storyboard; sourceTree = "<group>"; };
		5DF8FFB61D474DB8007E34FC /* Assets.xcassets */ = {isa = PBXFileReference; lastKnownFileType = folder.assetcatalog; name = Assets.xcassets; path = ../Assets.xcassets; sourceTree = "<group>"; };
		5DF8FFB91D474DB8007E34FC /* Base */ = {isa = PBXFileReference; lastKnownFileType = file.storyboard; name = Base; path = Base.lproj/LaunchScreen.storyboard; sourceTree = "<group>"; };
		5DF8FFBB1D474DB8007E34FC /* Info.plist */ = {isa = PBXFileReference; lastKnownFileType = text.plist.xml; path = Info.plist; sourceTree = "<group>"; };
		5DF8FFC61D47523B007E34FC /* TSAppMacro.swift */ = {isa = PBXFileReference; fileEncoding = 4; lastKnownFileType = sourcecode.swift; path = TSAppMacro.swift; sourceTree = "<group>"; };
		5DF8FFC81D47532F007E34FC /* WechatSwift-Bridging-Header.h */ = {isa = PBXFileReference; lastKnownFileType = sourcecode.c.h; path = "WechatSwift-Bridging-Header.h"; sourceTree = "<group>"; };
		5DF8FFCA1D47562F007E34FC /* TSConfig.swift */ = {isa = PBXFileReference; fileEncoding = 4; lastKnownFileType = sourcecode.swift; path = TSConfig.swift; sourceTree = "<group>"; };
		5DF8FFCF1D4758BD007E34FC /* TSModel.swift */ = {isa = PBXFileReference; fileEncoding = 4; lastKnownFileType = sourcecode.swift; path = TSModel.swift; sourceTree = "<group>"; };
		5DF8FFD11D475C83007E34FC /* Media.xcassets */ = {isa = PBXFileReference; lastKnownFileType = folder.assetcatalog; path = Media.xcassets; sourceTree = "<group>"; };
		5DF8FFD31D475C8A007E34FC /* country_code.txt */ = {isa = PBXFileReference; fileEncoding = 4; lastKnownFileType = text; path = country_code.txt; sourceTree = "<group>"; };
		5DF8FFD51D475C8E007E34FC /* shake_sound_male.wav */ = {isa = PBXFileReference; lastKnownFileType = audio.wav; path = shake_sound_male.wav; sourceTree = "<group>"; };
		5DF8FFD61D475C8E007E34FC /* sendmsg.caf */ = {isa = PBXFileReference; lastKnownFileType = file; path = sendmsg.caf; sourceTree = "<group>"; };
		5DF8FFD71D475C8E007E34FC /* pstncall.mp3 */ = {isa = PBXFileReference; lastKnownFileType = audio.mp3; path = pstncall.mp3; sourceTree = "<group>"; };
		5DF8FFD81D475C8E007E34FC /* msg.caf */ = {isa = PBXFileReference; lastKnownFileType = file; path = msg.caf; sourceTree = "<group>"; };
		5DF8FFD91D475C8E007E34FC /* msgtoolong.wav */ = {isa = PBXFileReference; lastKnownFileType = audio.wav; path = msgtoolong.wav; sourceTree = "<group>"; };
		5DF8FFDA1D475C8E007E34FC /* close.wav */ = {isa = PBXFileReference; lastKnownFileType = audio.wav; path = close.wav; sourceTree = "<group>"; };
		5DF8FFDB1D475C8E007E34FC /* beep.wav */ = {isa = PBXFileReference; lastKnownFileType = audio.wav; path = beep.wav; sourceTree = "<group>"; };
		5DF8FFDC1D475C8E007E34FC /* call.caf */ = {isa = PBXFileReference; lastKnownFileType = file; path = call.caf; sourceTree = "<group>"; };
		5DF8FFDD1D475C8E007E34FC /* camera.wav */ = {isa = PBXFileReference; lastKnownFileType = audio.wav; path = camera.wav; sourceTree = "<group>"; };
		5DF8FFDE1D475C8E007E34FC /* hello.amr */ = {isa = PBXFileReference; lastKnownFileType = file; path = hello.amr; sourceTree = "<group>"; };
		5DF8FFDF1D475C8E007E34FC /* shake_match.wav */ = {isa = PBXFileReference; lastKnownFileType = audio.wav; path = shake_match.wav; sourceTree = "<group>"; };
		5DF8FFE01D475C8E007E34FC /* shake_nomatch.wav */ = {isa = PBXFileReference; lastKnownFileType = audio.wav; path = shake_nomatch.wav; sourceTree = "<group>"; };
		5DF8FFEE1D475C93007E34FC /* chat.json */ = {isa = PBXFileReference; fileEncoding = 4; lastKnownFileType = text.json; path = chat.json; sourceTree = "<group>"; };
		5DF8FFEF1D475C93007E34FC /* contact.json */ = {isa = PBXFileReference; fileEncoding = 4; lastKnownFileType = text.json; path = contact.json; sourceTree = "<group>"; };
		5DF8FFF01D475C93007E34FC /* message.json */ = {isa = PBXFileReference; fileEncoding = 4; lastKnownFileType = text.json; path = message.json; sourceTree = "<group>"; };
		5DF8FFF51D475C98007E34FC /* Expression.bundle */ = {isa = PBXFileReference; lastKnownFileType = "wrapper.plug-in"; path = Expression.bundle; sourceTree = "<group>"; };
		5DF8FFF71D475C9E007E34FC /* Expression.plist */ = {isa = PBXFileReference; fileEncoding = 4; lastKnownFileType = text.plist.xml; path = Expression.plist; sourceTree = "<group>"; };
		5DF8FFF91D475CAD007E34FC /* Kenny.jpg */ = {isa = PBXFileReference; lastKnownFileType = image.jpeg; path = Kenny.jpg; sourceTree = "<group>"; };
		5DF8FFFC1D475F29007E34FC /* TSUIimage+WeChat.swift */ = {isa = PBXFileReference; fileEncoding = 4; lastKnownFileType = sourcecode.swift; path = "TSUIimage+WeChat.swift"; sourceTree = "<group>"; };
		5DF8FFFE1D4762D8007E34FC /* TSChatModel.swift */ = {isa = PBXFileReference; fileEncoding = 4; lastKnownFileType = sourcecode.swift; path = TSChatModel.swift; sourceTree = "<group>"; };
		E111D0EA626F9ADFDFCC4244 /* Pods-WechatSwift.release.xcconfig */ = {isa = PBXFileReference; includeInIndex = 1; lastKnownFileType = text.xcconfig; name = "Pods-WechatSwift.release.xcconfig"; path = "Pods/Target Support Files/Pods-WechatSwift/Pods-WechatSwift.release.xcconfig"; sourceTree = "<group>"; };
/* End PBXFileReference section */

/* Begin PBXFrameworksBuildPhase section */
		5DF8FFA71D474DB8007E34FC /* Frameworks */ = {
			isa = PBXFrameworksBuildPhase;
			buildActionMask = 2147483647;
			files = (
				813E5DF424B60C0F059E631C /* Pods_WechatSwift.framework in Frameworks */,
			);
			runOnlyForDeploymentPostprocessing = 0;
		};
/* End PBXFrameworksBuildPhase section */

/* Begin PBXGroup section */
		2F065FF3E5D45504421BCBFB /* Frameworks */ = {
			isa = PBXGroup;
			children = (
				4D9E1D73738C23F0C344865B /* Pods_WechatSwift.framework */,
			);
			name = Frameworks;
			sourceTree = "<group>";
		};
		5DF800061D488D0F007E34FC /* Chat */ = {
			isa = PBXGroup;
			children = (
				5DF800071D488D0F007E34FC /* Cells */,
				5DF800081D488D0F007E34FC /* ChatHelper */,
				5DF800091D488D0F007E34FC /* Views */,
			);
			path = Chat;
			sourceTree = "<group>";
		};
		5DF800071D488D0F007E34FC /* Cells */ = {
			isa = PBXGroup;
			children = (
			);
			path = Cells;
			sourceTree = "<group>";
		};
		5DF800081D488D0F007E34FC /* ChatHelper */ = {
			isa = PBXGroup;
			children = (
				5DF8000A1D488D2F007E34FC /* ImageFilesManager.swift */,
				5DF8001A1D48BE47007E34FC /* TSYYTextLinePositionModifier.swift */,
			);
			path = ChatHelper;
			sourceTree = "<group>";
		};
		5DF800091D488D0F007E34FC /* Views */ = {
			isa = PBXGroup;
			children = (
			);
			path = Views;
			sourceTree = "<group>";
		};
		5DF8FFA11D474DB8007E34FC = {
			isa = PBXGroup;
			children = (
				5DF8FFC81D47532F007E34FC /* WechatSwift-Bridging-Header.h */,
				5DF8FFAC1D474DB8007E34FC /* WechatSwift */,
				5DF8FFAB1D474DB8007E34FC /* Products */,
				FCAE780D6BFB0F041FC4A8ED /* Pods */,
				2F065FF3E5D45504421BCBFB /* Frameworks */,
			);
			sourceTree = "<group>";
		};
		5DF8FFAB1D474DB8007E34FC /* Products */ = {
			isa = PBXGroup;
			children = (
				5DF8FFAA1D474DB8007E34FC /* WechatSwift.app */,
			);
			name = Products;
			sourceTree = "<group>";
		};
		5DF8FFAC1D474DB8007E34FC /* WechatSwift */ = {
			isa = PBXGroup;
			children = (
				5DF8FFFB1D475F0E007E34FC /* General */,
				5DF8FFC21D475205007E34FC /* Classes */,
				5DF8FFC31D475205007E34FC /* Helpers */,
				5DF8FFC41D475205007E34FC /* Macro */,
				5DF8FFC51D475205007E34FC /* Resources */,
				5DF8FFAD1D474DB8007E34FC /* AppDelegate.swift */,
				5DF8FFAF1D474DB8007E34FC /* FirstViewController.swift */,
				5DF8FFB11D474DB8007E34FC /* SecondViewController.swift */,
				5DF8FFB31D474DB8007E34FC /* Main.storyboard */,
				5DF8FFB81D474DB8007E34FC /* LaunchScreen.storyboard */,
				5DF8FFBB1D474DB8007E34FC /* Info.plist */,
			);
			path = WechatSwift;
			sourceTree = "<group>";
		};
		5DF8FFC21D475205007E34FC /* Classes */ = {
			isa = PBXGroup;
			children = (
				5DF800061D488D0F007E34FC /* Chat */,
				5DF8FFCC1D47583A007E34FC /* CoreModule */,
			);
			path = Classes;
			sourceTree = "<group>";
		};
		5DF8FFC31D475205007E34FC /* Helpers */ = {
			isa = PBXGroup;
			children = (
				5DF800161D48B333007E34FC /* NSDate+Extension.swift */,
				5DF8000C1D488EB8007E34FC /* String+Crypto.swift */,
			);
			path = Helpers;
			sourceTree = "<group>";
		};
		5DF8FFC41D475205007E34FC /* Macro */ = {
			isa = PBXGroup;
			children = (
				5DF8FFC61D47523B007E34FC /* TSAppMacro.swift */,
				5DF8FFCA1D47562F007E34FC /* TSConfig.swift */,
			);
			path = Macro;
			sourceTree = "<group>";
		};
		5DF8FFC51D475205007E34FC /* Resources */ = {
			isa = PBXGroup;
			children = (
				5DF8FFF91D475CAD007E34FC /* Kenny.jpg */,
				5DF8FFF71D475C9E007E34FC /* Expression.plist */,
				5DF8FFF51D475C98007E34FC /* Expression.bundle */,
				5DF8FFF11D475C93007E34FC /* JSON */,
				5DF8FFE11D475C8E007E34FC /* Audio */,
				5DF8FFD31D475C8A007E34FC /* country_code.txt */,
				5DF8FFD11D475C83007E34FC /* Media.xcassets */,
				5DF8FFB61D474DB8007E34FC /* Assets.xcassets */,
			);
			path = Resources;
			sourceTree = "<group>";
		};
		5DF8FFCC1D47583A007E34FC /* CoreModule */ = {
			isa = PBXGroup;
			children = (
				5DF8FFCD1D47583A007E34FC /* Http */,
				5DF8FFCE1D47583A007E34FC /* Models */,
				5DF800181D48BC37007E34FC /* TSUserManager.swift */,
				5DF8001C1D49E8DF007E34FC /* TSApplicationManager.swift */,
				5DF800201D49F763007E34FC /* TSLocationManager.swift */,
			);
			path = CoreModule;
			sourceTree = "<group>";
		};
		5DF8FFCD1D47583A007E34FC /* Http */ = {
			isa = PBXGroup;
			children = (
			);
			path = Http;
			sourceTree = "<group>";
		};
		5DF8FFCE1D47583A007E34FC /* Models */ = {
			isa = PBXGroup;
			children = (
				5DF8FFCF1D4758BD007E34FC /* TSModel.swift */,
				5DF8FFFE1D4762D8007E34FC /* TSChatModel.swift */,
				5DF800001D47633C007E34FC /* TSChatSubModel.swift */,
				5DF800021D477986007E34FC /* TSModelTransformer.swift */,
				5DF800101D489C03007E34FC /* TSMessageModel.swift */,
				5DF800121D48A128007E34FC /* TSContactModel.swift */,
				5DF800141D48AB54007E34FC /* TSUploadImageModel.swift */,
			);
			path = Models;
			sourceTree = "<group>";
		};
		5DF8FFE11D475C8E007E34FC /* Audio */ = {
			isa = PBXGroup;
			children = (
				5DF8FFD51D475C8E007E34FC /* shake_sound_male.wav */,
				5DF8FFD61D475C8E007E34FC /* sendmsg.caf */,
				5DF8FFD71D475C8E007E34FC /* pstncall.mp3 */,
				5DF8FFD81D475C8E007E34FC /* msg.caf */,
				5DF8FFD91D475C8E007E34FC /* msgtoolong.wav */,
				5DF8FFDA1D475C8E007E34FC /* close.wav */,
				5DF8FFDB1D475C8E007E34FC /* beep.wav */,
				5DF8FFDC1D475C8E007E34FC /* call.caf */,
				5DF8FFDD1D475C8E007E34FC /* camera.wav */,
				5DF8FFDE1D475C8E007E34FC /* hello.amr */,
				5DF8FFDF1D475C8E007E34FC /* shake_match.wav */,
				5DF8FFE01D475C8E007E34FC /* shake_nomatch.wav */,
			);
			name = Audio;
			path = "../../../../../Downloads/TSWeChat-master/TSWeChat/Resources/Audio";
			sourceTree = "<group>";
		};
		5DF8FFF11D475C93007E34FC /* JSON */ = {
			isa = PBXGroup;
			children = (
				5DF8FFEE1D475C93007E34FC /* chat.json */,
				5DF8FFEF1D475C93007E34FC /* contact.json */,
				5DF8FFF01D475C93007E34FC /* message.json */,
			);
			name = JSON;
			path = "../../../../../Downloads/TSWeChat-master/TSWeChat/Resources/JSON";
			sourceTree = "<group>";
		};
		5DF8FFFB1D475F0E007E34FC /* General */ = {
			isa = PBXGroup;
			children = (
				5DF8FFFC1D475F29007E34FC /* TSUIimage+WeChat.swift */,
				5DF8000E1D4892E8007E34FC /* TSLogger.swift */,
				5DF8001E1D49E9A8007E34FC /* TSProgressHUD.swift */,
				5DF800221D49FB32007E34FC /* TSGlobalHelper.swift */,
				5DF800241D4A0493007E34FC /* TSUIColor+WeChat.swift */,
				5DF800261D4A080E007E34FC /* TSUserDefaults.swift */,
			);
			path = General;
			sourceTree = "<group>";
		};
		FCAE780D6BFB0F041FC4A8ED /* Pods */ = {
			isa = PBXGroup;
			children = (
				184AF8E4CF9C32C32A975A0D /* Pods-WechatSwift.debug.xcconfig */,
				E111D0EA626F9ADFDFCC4244 /* Pods-WechatSwift.release.xcconfig */,
			);
			name = Pods;
			sourceTree = "<group>";
		};
/* End PBXGroup section */

/* Begin PBXNativeTarget section */
		5DF8FFA91D474DB8007E34FC /* WechatSwift */ = {
			isa = PBXNativeTarget;
			buildConfigurationList = 5DF8FFBE1D474DB8007E34FC /* Build configuration list for PBXNativeTarget "WechatSwift" */;
			buildPhases = (
				E011BA80287B77ED8681CEC8 /* [CP] Check Pods Manifest.lock */,
				5DF8FFA61D474DB8007E34FC /* Sources */,
				5DF8FFA71D474DB8007E34FC /* Frameworks */,
				5DF8FFA81D474DB8007E34FC /* Resources */,
				BB995DD0CFDC75D84CF5CD7C /* [CP] Embed Pods Frameworks */,
				1A922D1F83A28542C708677F /* [CP] Copy Pods Resources */,
			);
			buildRules = (
			);
			dependencies = (
			);
			name = WechatSwift;
			productName = WechatSwift;
			productReference = 5DF8FFAA1D474DB8007E34FC /* WechatSwift.app */;
			productType = "com.apple.product-type.application";
		};
/* End PBXNativeTarget section */

/* Begin PBXProject section */
		5DF8FFA21D474DB8007E34FC /* Project object */ = {
			isa = PBXProject;
			attributes = {
				LastSwiftUpdateCheck = 0730;
				LastUpgradeCheck = 0730;
				ORGANIZATIONNAME = GlobalTravel;
				TargetAttributes = {
					5DF8FFA91D474DB8007E34FC = {
						CreatedOnToolsVersion = 7.3.1;
					};
				};
			};
			buildConfigurationList = 5DF8FFA51D474DB8007E34FC /* Build configuration list for PBXProject "WechatSwift" */;
			compatibilityVersion = "Xcode 3.2";
			developmentRegion = English;
			hasScannedForEncodings = 0;
			knownRegions = (
				en,
				Base,
			);
			mainGroup = 5DF8FFA11D474DB8007E34FC;
			productRefGroup = 5DF8FFAB1D474DB8007E34FC /* Products */;
			projectDirPath = "";
			projectRoot = "";
			targets = (
				5DF8FFA91D474DB8007E34FC /* WechatSwift */,
			);
		};
/* End PBXProject section */

/* Begin PBXResourcesBuildPhase section */
		5DF8FFA81D474DB8007E34FC /* Resources */ = {
			isa = PBXResourcesBuildPhase;
			buildActionMask = 2147483647;
			files = (
				5DF8FFE81D475C8E007E34FC /* beep.wav in Resources */,
				5DF8FFBA1D474DB8007E34FC /* LaunchScreen.storyboard in Resources */,
				5DF8FFD41D475C8A007E34FC /* country_code.txt in Resources */,
				5DF8FFEC1D475C8E007E34FC /* shake_match.wav in Resources */,
				5DF8FFE71D475C8E007E34FC /* close.wav in Resources */,
				5DF8FFEB1D475C8E007E34FC /* hello.amr in Resources */,
				5DF8FFE91D475C8E007E34FC /* call.caf in Resources */,
				5DF8FFFA1D475CAD007E34FC /* Kenny.jpg in Resources */,
				5DF8FFF61D475C98007E34FC /* Expression.bundle in Resources */,
				5DF8FFEA1D475C8E007E34FC /* camera.wav in Resources */,
				5DF8FFB71D474DB8007E34FC /* Assets.xcassets in Resources */,
				5DF8FFF41D475C93007E34FC /* message.json in Resources */,
				5DF8FFF21D475C93007E34FC /* chat.json in Resources */,
				5DF8FFE41D475C8E007E34FC /* pstncall.mp3 in Resources */,
				5DF8FFF31D475C93007E34FC /* contact.json in Resources */,
				5DF8FFED1D475C8E007E34FC /* shake_nomatch.wav in Resources */,
				5DF8FFD21D475C83007E34FC /* Media.xcassets in Resources */,
				5DF8FFF81D475C9E007E34FC /* Expression.plist in Resources */,
				5DF8FFE61D475C8E007E34FC /* msgtoolong.wav in Resources */,
				5DF8FFE31D475C8E007E34FC /* sendmsg.caf in Resources */,
				5DF8FFE51D475C8E007E34FC /* msg.caf in Resources */,
				5DF8FFE21D475C8E007E34FC /* shake_sound_male.wav in Resources */,
				5DF8FFB51D474DB8007E34FC /* Main.storyboard in Resources */,
			);
			runOnlyForDeploymentPostprocessing = 0;
		};
/* End PBXResourcesBuildPhase section */

/* Begin PBXShellScriptBuildPhase section */
		1A922D1F83A28542C708677F /* [CP] Copy Pods Resources */ = {
			isa = PBXShellScriptBuildPhase;
			buildActionMask = 2147483647;
			files = (
			);
			inputPaths = (
			);
			name = "[CP] Copy Pods Resources";
			outputPaths = (
			);
			runOnlyForDeploymentPostprocessing = 0;
			shellPath = /bin/sh;
			shellScript = "\"${SRCROOT}/Pods/Target Support Files/Pods-WechatSwift/Pods-WechatSwift-resources.sh\"\n";
			showEnvVarsInLog = 0;
		};
		BB995DD0CFDC75D84CF5CD7C /* [CP] Embed Pods Frameworks */ = {
			isa = PBXShellScriptBuildPhase;
			buildActionMask = 2147483647;
			files = (
			);
			inputPaths = (
			);
			name = "[CP] Embed Pods Frameworks";
			outputPaths = (
			);
			runOnlyForDeploymentPostprocessing = 0;
			shellPath = /bin/sh;
			shellScript = "\"${SRCROOT}/Pods/Target Support Files/Pods-WechatSwift/Pods-WechatSwift-frameworks.sh\"\n";
			showEnvVarsInLog = 0;
		};
		E011BA80287B77ED8681CEC8 /* [CP] Check Pods Manifest.lock */ = {
			isa = PBXShellScriptBuildPhase;
			buildActionMask = 2147483647;
			files = (
			);
			inputPaths = (
			);
			name = "[CP] Check Pods Manifest.lock";
			outputPaths = (
			);
			runOnlyForDeploymentPostprocessing = 0;
			shellPath = /bin/sh;
			shellScript = "diff \"${PODS_ROOT}/../Podfile.lock\" \"${PODS_ROOT}/Manifest.lock\" > /dev/null\nif [[ $? != 0 ]] ; then\n    cat << EOM\nerror: The sandbox is not in sync with the Podfile.lock. Run 'pod install' or update your CocoaPods installation.\nEOM\n    exit 1\nfi\n";
			showEnvVarsInLog = 0;
		};
/* End PBXShellScriptBuildPhase section */

/* Begin PBXSourcesBuildPhase section */
		5DF8FFA61D474DB8007E34FC /* Sources */ = {
			isa = PBXSourcesBuildPhase;
			buildActionMask = 2147483647;
			files = (
				5DF800271D4A080E007E34FC /* TSUserDefaults.swift in Sources */,
				5DF8001F1D49E9A8007E34FC /* TSProgressHUD.swift in Sources */,
				5DF8FFD01D4758BD007E34FC /* TSModel.swift in Sources */,
				5DF800011D47633C007E34FC /* TSChatSubModel.swift in Sources */,
				5DF8FFB21D474DB8007E34FC /* SecondViewController.swift in Sources */,
				5DF800251D4A0493007E34FC /* TSUIColor+WeChat.swift in Sources */,
				5DF800131D48A128007E34FC /* TSContactModel.swift in Sources */,
				5DF800231D49FB32007E34FC /* TSGlobalHelper.swift in Sources */,
				5DF8FFC71D47523B007E34FC /* TSAppMacro.swift in Sources */,
				5DF800191D48BC37007E34FC /* TSUserManager.swift in Sources */,
				5DF800031D477986007E34FC /* TSModelTransformer.swift in Sources */,
				5DF8FFFF1D4762D8007E34FC /* TSChatModel.swift in Sources */,
				5DF8FFCB1D47562F007E34FC /* TSConfig.swift in Sources */,
				5DF800151D48AB54007E34FC /* TSUploadImageModel.swift in Sources */,
				5DF8FFFD1D475F29007E34FC /* TSUIimage+WeChat.swift in Sources */,
				5DF8FFAE1D474DB8007E34FC /* AppDelegate.swift in Sources */,
				5DF8000F1D4892E8007E34FC /* TSLogger.swift in Sources */,
				5DF800171D48B333007E34FC /* NSDate+Extension.swift in Sources */,
				5DF8FFB01D474DB8007E34FC /* FirstViewController.swift in Sources */,
				5DF8001D1D49E8DF007E34FC /* TSApplicationManager.swift in Sources */,
				5DF800211D49F763007E34FC /* TSLocationManager.swift in Sources */,
				5DF8001B1D48BE47007E34FC /* TSYYTextLinePositionModifier.swift in Sources */,
				5DF800111D489C03007E34FC /* TSMessageModel.swift in Sources */,
				5DF8000B1D488D2F007E34FC /* ImageFilesManager.swift in Sources */,
				5DF8000D1D488EB8007E34FC /* String+Crypto.swift in Sources */,
			);
			runOnlyForDeploymentPostprocessing = 0;
		};
/* End PBXSourcesBuildPhase section */

/* Begin PBXVariantGroup section */
		5DF8FFB31D474DB8007E34FC /* Main.storyboard */ = {
			isa = PBXVariantGroup;
			children = (
				5DF8FFB41D474DB8007E34FC /* Base */,
			);
			name = Main.storyboard;
			sourceTree = "<group>";
		};
		5DF8FFB81D474DB8007E34FC /* LaunchScreen.storyboard */ = {
			isa = PBXVariantGroup;
			children = (
				5DF8FFB91D474DB8007E34FC /* Base */,
			);
			name = LaunchScreen.storyboard;
			sourceTree = "<group>";
		};
/* End PBXVariantGroup section */

/* Begin XCBuildConfiguration section */
		5DF8FFBC1D474DB8007E34FC /* Debug */ = {
			isa = XCBuildConfiguration;
			buildSettings = {
				ALWAYS_SEARCH_USER_PATHS = NO;
				CLANG_ANALYZER_NONNULL = YES;
				CLANG_CXX_LANGUAGE_STANDARD = "gnu++0x";
				CLANG_CXX_LIBRARY = "libc++";
				CLANG_ENABLE_MODULES = YES;
				CLANG_ENABLE_OBJC_ARC = YES;
				CLANG_WARN_BOOL_CONVERSION = YES;
				CLANG_WARN_CONSTANT_CONVERSION = YES;
				CLANG_WARN_DIRECT_OBJC_ISA_USAGE = YES_ERROR;
				CLANG_WARN_EMPTY_BODY = YES;
				CLANG_WARN_ENUM_CONVERSION = YES;
				CLANG_WARN_INT_CONVERSION = YES;
				CLANG_WARN_OBJC_ROOT_CLASS = YES_ERROR;
				CLANG_WARN_UNREACHABLE_CODE = YES;
				CLANG_WARN__DUPLICATE_METHOD_MATCH = YES;
				"CODE_SIGN_IDENTITY[sdk=iphoneos*]" = "iPhone Developer";
				COPY_PHASE_STRIP = NO;
				DEBUG_INFORMATION_FORMAT = dwarf;
				ENABLE_STRICT_OBJC_MSGSEND = YES;
				ENABLE_TESTABILITY = YES;
				GCC_C_LANGUAGE_STANDARD = gnu99;
				GCC_DYNAMIC_NO_PIC = NO;
				GCC_NO_COMMON_BLOCKS = YES;
				GCC_OPTIMIZATION_LEVEL = 0;
				GCC_PREPROCESSOR_DEFINITIONS = (
					"DEBUG=1",
					"$(inherited)",
				);
				GCC_WARN_64_TO_32_BIT_CONVERSION = YES;
				GCC_WARN_ABOUT_RETURN_TYPE = YES_ERROR;
				GCC_WARN_UNDECLARED_SELECTOR = YES;
				GCC_WARN_UNINITIALIZED_AUTOS = YES_AGGRESSIVE;
				GCC_WARN_UNUSED_FUNCTION = YES;
				GCC_WARN_UNUSED_VARIABLE = YES;
				IPHONEOS_DEPLOYMENT_TARGET = 9.3;
				MTL_ENABLE_DEBUG_INFO = YES;
				ONLY_ACTIVE_ARCH = YES;
				SDKROOT = iphoneos;
				SWIFT_OPTIMIZATION_LEVEL = "-Onone";
			};
			name = Debug;
		};
		5DF8FFBD1D474DB8007E34FC /* Release */ = {
			isa = XCBuildConfiguration;
			buildSettings = {
				ALWAYS_SEARCH_USER_PATHS = NO;
				CLANG_ANALYZER_NONNULL = YES;
				CLANG_CXX_LANGUAGE_STANDARD = "gnu++0x";
				CLANG_CXX_LIBRARY = "libc++";
				CLANG_ENABLE_MODULES = YES;
				CLANG_ENABLE_OBJC_ARC = YES;
				CLANG_WARN_BOOL_CONVERSION = YES;
				CLANG_WARN_CONSTANT_CONVERSION = YES;
				CLANG_WARN_DIRECT_OBJC_ISA_USAGE = YES_ERROR;
				CLANG_WARN_EMPTY_BODY = YES;
				CLANG_WARN_ENUM_CONVERSION = YES;
				CLANG_WARN_INT_CONVERSION = YES;
				CLANG_WARN_OBJC_ROOT_CLASS = YES_ERROR;
				CLANG_WARN_UNREACHABLE_CODE = YES;
				CLANG_WARN__DUPLICATE_METHOD_MATCH = YES;
				"CODE_SIGN_IDENTITY[sdk=iphoneos*]" = "iPhone Developer";
				COPY_PHASE_STRIP = NO;
				DEBUG_INFORMATION_FORMAT = "dwarf-with-dsym";
				ENABLE_NS_ASSERTIONS = NO;
				ENABLE_STRICT_OBJC_MSGSEND = YES;
				GCC_C_LANGUAGE_STANDARD = gnu99;
				GCC_NO_COMMON_BLOCKS = YES;
				GCC_WARN_64_TO_32_BIT_CONVERSION = YES;
				GCC_WARN_ABOUT_RETURN_TYPE = YES_ERROR;
				GCC_WARN_UNDECLARED_SELECTOR = YES;
				GCC_WARN_UNINITIALIZED_AUTOS = YES_AGGRESSIVE;
				GCC_WARN_UNUSED_FUNCTION = YES;
				GCC_WARN_UNUSED_VARIABLE = YES;
				IPHONEOS_DEPLOYMENT_TARGET = 9.3;
				MTL_ENABLE_DEBUG_INFO = NO;
				SDKROOT = iphoneos;
				VALIDATE_PRODUCT = YES;
			};
			name = Release;
		};
		5DF8FFBF1D474DB8007E34FC /* Debug */ = {
			isa = XCBuildConfiguration;
			baseConfigurationReference = 184AF8E4CF9C32C32A975A0D /* Pods-WechatSwift.debug.xcconfig */;
			buildSettings = {
				ASSETCATALOG_COMPILER_APPICON_NAME = AppIcon;
				INFOPLIST_FILE = WechatSwift/Info.plist;
				IPHONEOS_DEPLOYMENT_TARGET = 8.0;
				LD_RUNPATH_SEARCH_PATHS = "$(inherited) @executable_path/Frameworks";
				PRODUCT_BUNDLE_IDENTIFIER = com.globaltravel.WechatSwift;
				PRODUCT_NAME = "$(TARGET_NAME)";
				SWIFT_OBJC_BRIDGING_HEADER = "/Users/GeforceLee/Desktop/Demo/WechatSwift/WechatSwift-Bridging-Header.h";
			};
			name = Debug;
		};
		5DF8FFC01D474DB8007E34FC /* Release */ = {
			isa = XCBuildConfiguration;
			baseConfigurationReference = E111D0EA626F9ADFDFCC4244 /* Pods-WechatSwift.release.xcconfig */;
			buildSettings = {
				ASSETCATALOG_COMPILER_APPICON_NAME = AppIcon;
				INFOPLIST_FILE = WechatSwift/Info.plist;
				IPHONEOS_DEPLOYMENT_TARGET = 8.0;
				LD_RUNPATH_SEARCH_PATHS = "$(inherited) @executable_path/Frameworks";
				PRODUCT_BUNDLE_IDENTIFIER = com.globaltravel.WechatSwift;
				PRODUCT_NAME = "$(TARGET_NAME)";
				SWIFT_OBJC_BRIDGING_HEADER = "/Users/GeforceLee/Desktop/Demo/WechatSwift/WechatSwift-Bridging-Header.h";
			};
			name = Release;
		};
/* End XCBuildConfiguration section */

/* Begin XCConfigurationList section */
		5DF8FFA51D474DB8007E34FC /* Build configuration list for PBXProject "WechatSwift" */ = {
			isa = XCConfigurationList;
			buildConfigurations = (
				5DF8FFBC1D474DB8007E34FC /* Debug */,
				5DF8FFBD1D474DB8007E34FC /* Release */,
			);
			defaultConfigurationIsVisible = 0;
			defaultConfigurationName = Release;
		};
		5DF8FFBE1D474DB8007E34FC /* Build configuration list for PBXNativeTarget "WechatSwift" */ = {
			isa = XCConfigurationList;
			buildConfigurations = (
				5DF8FFBF1D474DB8007E34FC /* Debug */,
				5DF8FFC01D474DB8007E34FC /* Release */,
			);
			defaultConfigurationIsVisible = 0;
			defaultConfigurationName = Release;
		};
/* End XCConfigurationList section */
	};
	rootObject = 5DF8FFA21D474DB8007E34FC /* Project object */;
}
